
Microsoft Visual Studio Solution File, Format Version 12.00
# Visual Studio Version 17
VisualStudioVersion = 17.12.35527.113
MinimumVisualStudioVersion = 10.0.40219.1
Project("{2150E333-8FDC-42A3-9474-1A3956D46DE8}") = "Solution Items", "Solution Items", "{CA0E057F-D860-46A8-B85B-6ABD14058004}"
	ProjectSection(SolutionItems) = preProject
		ReadMe.md = ReadMe.md
	EndProjectSection
EndProject
Project("{2150E333-8FDC-42A3-9474-1A3956D46DE8}") = "2. auth", "2. auth", "{4B91C5F1-C069-4D79-BD6C-8B747B3A3C83}"
EndProject
Project("{2150E333-8FDC-42A3-9474-1A3956D46DE8}") = "1. content-management", "1. content-management", "{F3FAAEDA-7846-4A5B-8F78-4DEE57E23BEB}"
EndProject
Project("{FAE04EC0-301F-11D3-BF4B-00C04F79EFBC}") = "LearnNetCore.Api", "content-management\LearnNetCore.Api\LearnNetCore.Api.csproj", "{177B9C12-165E-4348-98F7-5A3F729250E8}"
EndProject
Project("{FAE04EC0-301F-11D3-BF4B-00C04F79EFBC}") = "LearnNetCore.Application", "content-management\LearnNetCore.Application\LearnNetCore.Application.csproj", "{4DD1E727-FB5C-418D-BA06-E125F6B16E2B}"
EndProject
Project("{FAE04EC0-301F-11D3-BF4B-00C04F79EFBC}") = "LearnNetCore.Domain", "content-management\LearnNetCore.Domain\LearnNetCore.Domain.csproj", "{29E79123-6D48-44B7-9030-CB3B29843FFD}"
EndProject
Project("{FAE04EC0-301F-11D3-BF4B-00C04F79EFBC}") = "LearnNetCore.Domain.Share", "content-management\LearnNetCore.Domain.Share\LearnNetCore.Domain.Share.csproj", "{67104461-AE02-4E15-B917-689831D35085}"
EndProject
Project("{FAE04EC0-301F-11D3-BF4B-00C04F79EFBC}") = "LearnNetCore.Postgresql.Db", "content-management\LearnNetCore.Postgresql.Db\LearnNetCore.Postgresql.Db.csproj", "{6FAC79BD-E563-4027-B734-7670E68D28E8}"
EndProject
Project("{FAE04EC0-301F-11D3-BF4B-00C04F79EFBC}") = "LearnNetCore.EntityFrameworkCore", "content-management\LearnNetCore.EntityFrameworkCore\LearnNetCore.EntityFrameworkCore.csproj", "{490FB551-1FF2-483B-8768-E72933F0F29D}"
EndProject
Project("{FAE04EC0-301F-11D3-BF4B-00C04F79EFBC}") = "LearnNetCore.Auth.Api", "user\LearnNetCore.Auth.Api\LearnNetCore.Auth.Api.csproj", "{73C5306A-7596-4C15-8577-FAB600682DAF}"
EndProject
Project("{FAE04EC0-301F-11D3-BF4B-00C04F79EFBC}") = "LearnNetCore.Auth.Application", "user\LearnNetCore.Auth.Application\LearnNetCore.Auth.Application.csproj", "{1003F293-BF4A-4584-AAF6-005A80EEA3FA}"
EndProject
Project("{FAE04EC0-301F-11D3-BF4B-00C04F79EFBC}") = "LearnNetCore.Auth.Domain", "user\LearnNetCore.Auth.Domain\LearnNetCore.Auth.Domain.csproj", "{32C39BDE-F998-41B2-8ED7-2D6D10F55708}"
EndProject
Project("{FAE04EC0-301F-11D3-BF4B-00C04F79EFBC}") = "LearnNetCore.Auth.Domain.Share", "user\LearnNetCore.Auth.Domain.Share\LearnNetCore.Auth.Domain.Share.csproj", "{29D50C94-57EF-435F-B55D-F0618075678F}"
EndProject
Project("{FAE04EC0-301F-11D3-BF4B-00C04F79EFBC}") = "LearnNetCore.Auth.EntityFrameworkCore", "user\LearnNetCore.Auth.EntityFrameworkCore\LearnNetCore.Auth.EntityFrameworkCore.csproj", "{7DC48C12-D8BE-46A2-9705-9A5B9B2D3296}"
EndProject
Project("{FAE04EC0-301F-11D3-BF4B-00C04F79EFBC}") = "LearnNetCore.Auth.Postgresql.Db", "user\LearnNetCore.Auth.Postgresql.Db\LearnNetCore.Auth.Postgresql.Db.csproj", "{4A263018-A6CA-437F-B4B4-709E7FF067AF}"
EndProject
Global
	GlobalSection(SolutionConfigurationPlatforms) = preSolution
		Debug|Any CPU = Debug|Any CPU
		Release|Any CPU = Release|Any CPU
	EndGlobalSection
	GlobalSection(ProjectConfigurationPlatforms) = postSolution
		{177B9C12-165E-4348-98F7-5A3F729250E8}.Debug|Any CPU.ActiveCfg = Debug|Any CPU
		{177B9C12-165E-4348-98F7-5A3F729250E8}.Debug|Any CPU.Build.0 = Debug|Any CPU
		{177B9C12-165E-4348-98F7-5A3F729250E8}.Release|Any CPU.ActiveCfg = Release|Any CPU
		{177B9C12-165E-4348-98F7-5A3F729250E8}.Release|Any CPU.Build.0 = Release|Any CPU
		{4DD1E727-FB5C-418D-BA06-E125F6B16E2B}.Debug|Any CPU.ActiveCfg = Debug|Any CPU
		{4DD1E727-FB5C-418D-BA06-E125F6B16E2B}.Debug|Any CPU.Build.0 = Debug|Any CPU
		{4DD1E727-FB5C-418D-BA06-E125F6B16E2B}.Release|Any CPU.ActiveCfg = Release|Any CPU
		{4DD1E727-FB5C-418D-BA06-E125F6B16E2B}.Release|Any CPU.Build.0 = Release|Any CPU
		{29E79123-6D48-44B7-9030-CB3B29843FFD}.Debug|Any CPU.ActiveCfg = Debug|Any CPU
		{29E79123-6D48-44B7-9030-CB3B29843FFD}.Debug|Any CPU.Build.0 = Debug|Any CPU
		{29E79123-6D48-44B7-9030-CB3B29843FFD}.Release|Any CPU.ActiveCfg = Release|Any CPU
		{29E79123-6D48-44B7-9030-CB3B29843FFD}.Release|Any CPU.Build.0 = Release|Any CPU
		{67104461-AE02-4E15-B917-689831D35085}.Debug|Any CPU.ActiveCfg = Debug|Any CPU
		{67104461-AE02-4E15-B917-689831D35085}.Debug|Any CPU.Build.0 = Debug|Any CPU
		{67104461-AE02-4E15-B917-689831D35085}.Release|Any CPU.ActiveCfg = Release|Any CPU
		{67104461-AE02-4E15-B917-689831D35085}.Release|Any CPU.Build.0 = Release|Any CPU
		{6FAC79BD-E563-4027-B734-7670E68D28E8}.Debug|Any CPU.ActiveCfg = Debug|Any CPU
		{6FAC79BD-E563-4027-B734-7670E68D28E8}.Debug|Any CPU.Build.0 = Debug|Any CPU
		{6FAC79BD-E563-4027-B734-7670E68D28E8}.Release|Any CPU.ActiveCfg = Release|Any CPU
		{6FAC79BD-E563-4027-B734-7670E68D28E8}.Release|Any CPU.Build.0 = Release|Any CPU
		{490FB551-1FF2-483B-8768-E72933F0F29D}.Debug|Any CPU.ActiveCfg = Debug|Any CPU
		{490FB551-1FF2-483B-8768-E72933F0F29D}.Debug|Any CPU.Build.0 = Debug|Any CPU
		{490FB551-1FF2-483B-8768-E72933F0F29D}.Release|Any CPU.ActiveCfg = Release|Any CPU
		{490FB551-1FF2-483B-8768-E72933F0F29D}.Release|Any CPU.Build.0 = Release|Any CPU
		{73C5306A-7596-4C15-8577-FAB600682DAF}.Debug|Any CPU.ActiveCfg = Debug|Any CPU
		{73C5306A-7596-4C15-8577-FAB600682DAF}.Debug|Any CPU.Build.0 = Debug|Any CPU
		{73C5306A-7596-4C15-8577-FAB600682DAF}.Release|Any CPU.ActiveCfg = Release|Any CPU
		{73C5306A-7596-4C15-8577-FAB600682DAF}.Release|Any CPU.Build.0 = Release|Any CPU
		{1003F293-BF4A-4584-AAF6-005A80EEA3FA}.Debug|Any CPU.ActiveCfg = Debug|Any CPU
		{1003F293-BF4A-4584-AAF6-005A80EEA3FA}.Debug|Any CPU.Build.0 = Debug|Any CPU
		{1003F293-BF4A-4584-AAF6-005A80EEA3FA}.Release|Any CPU.ActiveCfg = Release|Any CPU
		{1003F293-BF4A-4584-AAF6-005A80EEA3FA}.Release|Any CPU.Build.0 = Release|Any CPU
		{32C39BDE-F998-41B2-8ED7-2D6D10F55708}.Debug|Any CPU.ActiveCfg = Debug|Any CPU
		{32C39BDE-F998-41B2-8ED7-2D6D10F55708}.Debug|Any CPU.Build.0 = Debug|Any CPU
		{32C39BDE-F998-41B2-8ED7-2D6D10F55708}.Release|Any CPU.ActiveCfg = Release|Any CPU
		{32C39BDE-F998-41B2-8ED7-2D6D10F55708}.Release|Any CPU.Build.0 = Release|Any CPU
		{29D50C94-57EF-435F-B55D-F0618075678F}.Debug|Any CPU.ActiveCfg = Debug|Any CPU
		{29D50C94-57EF-435F-B55D-F0618075678F}.Debug|Any CPU.Build.0 = Debug|Any CPU
		{29D50C94-57EF-435F-B55D-F0618075678F}.Release|Any CPU.ActiveCfg = Release|Any CPU
		{29D50C94-57EF-435F-B55D-F0618075678F}.Release|Any CPU.Build.0 = Release|Any CPU
		{7DC48C12-D8BE-46A2-9705-9A5B9B2D3296}.Debug|Any CPU.ActiveCfg = Debug|Any CPU
		{7DC48C12-D8BE-46A2-9705-9A5B9B2D3296}.Debug|Any CPU.Build.0 = Debug|Any CPU
		{7DC48C12-D8BE-46A2-9705-9A5B9B2D3296}.Release|Any CPU.ActiveCfg = Release|Any CPU
		{7DC48C12-D8BE-46A2-9705-9A5B9B2D3296}.Release|Any CPU.Build.0 = Release|Any CPU
		{4A263018-A6CA-437F-B4B4-709E7FF067AF}.Debug|Any CPU.ActiveCfg = Debug|Any CPU
		{4A263018-A6CA-437F-B4B4-709E7FF067AF}.Debug|Any CPU.Build.0 = Debug|Any CPU
		{4A263018-A6CA-437F-B4B4-709E7FF067AF}.Release|Any CPU.ActiveCfg = Release|Any CPU
		{4A263018-A6CA-437F-B4B4-709E7FF067AF}.Release|Any CPU.Build.0 = Release|Any CPU
	EndGlobalSection
	GlobalSection(SolutionProperties) = preSolution
		HideSolutionNode = FALSE
	EndGlobalSection
	GlobalSection(NestedProjects) = preSolution
		{177B9C12-165E-4348-98F7-5A3F729250E8} = {F3FAAEDA-7846-4A5B-8F78-4DEE57E23BEB}
		{4DD1E727-FB5C-418D-BA06-E125F6B16E2B} = {F3FAAEDA-7846-4A5B-8F78-4DEE57E23BEB}
		{29E79123-6D48-44B7-9030-CB3B29843FFD} = {F3FAAEDA-7846-4A5B-8F78-4DEE57E23BEB}
		{67104461-AE02-4E15-B917-689831D35085} = {F3FAAEDA-7846-4A5B-8F78-4DEE57E23BEB}
		{6FAC79BD-E563-4027-B734-7670E68D28E8} = {F3FAAEDA-7846-4A5B-8F78-4DEE57E23BEB}
		{490FB551-1FF2-483B-8768-E72933F0F29D} = {F3FAAEDA-7846-4A5B-8F78-4DEE57E23BEB}
		{73C5306A-7596-4C15-8577-FAB600682DAF} = {4B91C5F1-C069-4D79-BD6C-8B747B3A3C83}
		{1003F293-BF4A-4584-AAF6-005A80EEA3FA} = {4B91C5F1-C069-4D79-BD6C-8B747B3A3C83}
		{32C39BDE-F998-41B2-8ED7-2D6D10F55708} = {4B91C5F1-C069-4D79-BD6C-8B747B3A3C83}
		{29D50C94-57EF-435F-B55D-F0618075678F} = {4B91C5F1-C069-4D79-BD6C-8B747B3A3C83}
		{7DC48C12-D8BE-46A2-9705-9A5B9B2D3296} = {4B91C5F1-C069-4D79-BD6C-8B747B3A3C83}
		{4A263018-A6CA-437F-B4B4-709E7FF067AF} = {4B91C5F1-C069-4D79-BD6C-8B747B3A3C83}
	EndGlobalSection
EndGlobal
